
Microsoft Visual Studio Solution File, Format Version 12.00
# Visual Studio 2012
Project("{FAE04EC0-301F-11D3-BF4B-00C04F79EFBC}") = "SmtpClientExample", "SmtpClientExample\SmtpClientExample.csproj", "{17B7A090-8F83-4DD8-BB9C-B598D7767634}"
EndProject
Global
	GlobalSection(SolutionConfigurationPlatforms) = preSolution
		Debug|x86 = Debug|x86
		Release|x86 = Release|x86
	EndGlobalSection
	GlobalSection(ProjectConfigurationPlatforms) = postSolution
		{17B7A090-8F83-4DD8-BB9C-B598D7767634}.Debug|x86.ActiveCfg = Debug|x86
		{17B7A090-8F83-4DD8-BB9C-B598D7767634}.Debug|x86.Build.0 = Debug|x86
		{17B7A090-8F83-4DD8-BB9C-B598D7767634}.Release|x86.ActiveCfg = Release|x86
		{17B7A090-8F83-4DD8-BB9C-B598D7767634}.Release|x86.Build.0 = Release|x86
	EndGlobalSection
EndGlobal
